{
  "version": 4,
  "terraform_version": "1.8.4",
  "serial": 33,
  "lineage": "cea4c07d-cea3-682f-9a68-c8e2cffe7777",
  "outputs": {
    "port": {
      "value": "5000",
      "type": "string"
    },
    "public_ip": {
      "value": "20.16.23.5",
      "type": "string"
    }
  },
  "resources": [
    {
      "mode": "managed",
      "type": "azurerm_linux_virtual_machine",
      "name": "chat_app_vm",
      "provider": "provider[\"registry.terraform.io/hashicorp/azurerm\"]",
      "instances": [
        {
          "schema_version": 0,
          "attributes": {
            "additional_capabilities": [],
            "admin_password": "!Password123",
            "admin_ssh_key": [],
            "admin_username": "azureuser",
            "allow_extension_operations": true,
            "availability_set_id": "",
            "boot_diagnostics": [],
            "bypass_platform_safety_checks_on_user_schedule_enabled": false,
            "capacity_reservation_group_id": "",
            "computer_name": "chat-app-vm",
            "custom_data": "IyEvYmluL2Jhc2gNCnN1ZG8gYXB0LWdldCB1cGRhdGUNCnN1ZG8gYXB0LWdldCBpbnN0YWxsIC15IHB5dGhvbjMtcGlwIGRvY2tlci5pbw0Kc3VkbyBzeXN0ZW1jdGwgc3RhcnQgZG9ja2VyDQpzdWRvIHN5c3RlbWN0bCBlbmFibGUgZG9ja2VyDQpzdWRvIGRvY2tlciBwdWxsIHdpbnRlcnpvbmUyL2NoYXQtcHJvamVjdDp2MQ0Kc3VkbyBkb2NrZXIgcnVuIC1kIC1wIDUwMDA6NTAwMCB3aW50ZXJ6b25lMi9jaGF0LXByb2plY3Q6djENCg==",
            "dedicated_host_group_id": "",
            "dedicated_host_id": "",
            "disable_password_authentication": false,
            "disk_controller_type": "",
            "edge_zone": "",
            "encryption_at_host_enabled": false,
            "eviction_policy": "",
            "extensions_time_budget": "PT1H30M",
            "gallery_application": [],
            "id": "/subscriptions/cbc417fc-e212-427f-b724-5cadb92ffe07/resourceGroups/chat-app-rg/providers/Microsoft.Compute/virtualMachines/chat-app-vm",
            "identity": [],
            "license_type": "",
            "location": "westeurope",
            "max_bid_price": -1,
            "name": "chat-app-vm",
            "network_interface_ids": [
              "/subscriptions/cbc417fc-e212-427f-b724-5cadb92ffe07/resourceGroups/chat-app-rg/providers/Microsoft.Network/networkInterfaces/chat-app-nic"
            ],
            "os_disk": [
              {
                "caching": "ReadWrite",
                "diff_disk_settings": [],
                "disk_encryption_set_id": "",
                "disk_size_gb": 30,
                "name": "chat-app-vm_disk1_78005f9b283643509cad74f5536d4ee5",
                "secure_vm_disk_encryption_set_id": "",
                "security_encryption_type": "",
                "storage_account_type": "Standard_LRS",
                "write_accelerator_enabled": false
              }
            ],
            "os_image_notification": [],
            "patch_assessment_mode": "ImageDefault",
            "patch_mode": "ImageDefault",
            "plan": [],
            "platform_fault_domain": -1,
            "priority": "Regular",
            "private_ip_address": "10.0.1.4",
            "private_ip_addresses": [
              "10.0.1.4"
            ],
            "provision_vm_agent": true,
            "proximity_placement_group_id": "",
            "public_ip_address": "20.16.23.5",
            "public_ip_addresses": [
              "20.16.23.5"
            ],
            "reboot_setting": "",
            "resource_group_name": "chat-app-rg",
            "secret": [],
            "secure_boot_enabled": false,
            "size": "Standard_B1s",
            "source_image_id": "",
            "source_image_reference": [
              {
                "offer": "UbuntuServer",
                "publisher": "Canonical",
                "sku": "18.04-LTS",
                "version": "latest"
              }
            ],
            "tags": null,
            "termination_notification": null,
            "timeouts": null,
            "user_data": "",
            "virtual_machine_id": "e62955ef-6ac1-473a-babc-b2ceb14eab11",
            "virtual_machine_scale_set_id": "",
            "vm_agent_platform_updates_enabled": false,
            "vtpm_enabled": false,
            "zone": ""
          },
          "sensitive_attributes": [
            [
              {
                "type": "get_attr",
                "value": "custom_data"
              }
            ],
            [
              {
                "type": "get_attr",
                "value": "admin_password"
              }
            ]
          ],
          "private": "eyJlMmJmYjczMC1lY2FhLTExZTYtOGY4OC0zNDM2M2JjN2M0YzAiOnsiY3JlYXRlIjoyNzAwMDAwMDAwMDAwLCJkZWxldGUiOjI3MDAwMDAwMDAwMDAsInJlYWQiOjMwMDAwMDAwMDAwMCwidXBkYXRlIjoyNzAwMDAwMDAwMDAwfX0=",
          "dependencies": [
            "azurerm_network_interface.chat_app_nic",
            "azurerm_public_ip.chat_app_public_ip",
            "azurerm_resource_group.chat_app_rg",
            "azurerm_subnet.chat_subnet",
            "azurerm_virtual_network.chat_vnet"
          ]
        }
      ]
    },
    {
      "mode": "managed",
      "type": "azurerm_network_interface",
      "name": "chat_app_nic",
      "provider": "provider[\"registry.terraform.io/hashicorp/azurerm\"]",
      "instances": [
        {
          "schema_version": 0,
          "attributes": {
            "accelerated_networking_enabled": false,
            "applied_dns_servers": [],
            "auxiliary_mode": "",
            "auxiliary_sku": "",
            "dns_servers": null,
            "edge_zone": "",
            "id": "/subscriptions/cbc417fc-e212-427f-b724-5cadb92ffe07/resourceGroups/chat-app-rg/providers/Microsoft.Network/networkInterfaces/chat-app-nic",
            "internal_dns_name_label": "",
            "internal_domain_name_suffix": "klhamru5fwlujcqoapb1v5hbec.ax.internal.cloudapp.net",
            "ip_configuration": [
              {
                "gateway_load_balancer_frontend_ip_configuration_id": "",
                "name": "chat-app-ip-configuration",
                "primary": true,
                "private_ip_address": "10.0.1.4",
                "private_ip_address_allocation": "Dynamic",
                "private_ip_address_version": "IPv4",
                "public_ip_address_id": "/subscriptions/cbc417fc-e212-427f-b724-5cadb92ffe07/resourceGroups/chat-app-rg/providers/Microsoft.Network/publicIPAddresses/chat-app-public-ip",
                "subnet_id": "/subscriptions/cbc417fc-e212-427f-b724-5cadb92ffe07/resourceGroups/chat-app-rg/providers/Microsoft.Network/virtualNetworks/chat-vnet/subnets/chat-subnet"
              }
            ],
            "ip_forwarding_enabled": false,
            "location": "westeurope",
            "mac_address": "",
            "name": "chat-app-nic",
            "private_ip_address": "10.0.1.4",
            "private_ip_addresses": [
              "10.0.1.4"
            ],
            "resource_group_name": "chat-app-rg",
            "tags": null,
            "timeouts": null,
            "virtual_machine_id": ""
          },
          "sensitive_attributes": [],
          "private": "eyJlMmJmYjczMC1lY2FhLTExZTYtOGY4OC0zNDM2M2JjN2M0YzAiOnsiY3JlYXRlIjoxODAwMDAwMDAwMDAwLCJkZWxldGUiOjE4MDAwMDAwMDAwMDAsInJlYWQiOjMwMDAwMDAwMDAwMCwidXBkYXRlIjoxODAwMDAwMDAwMDAwfX0=",
          "dependencies": [
            "azurerm_public_ip.chat_app_public_ip",
            "azurerm_resource_group.chat_app_rg",
            "azurerm_subnet.chat_subnet",
            "azurerm_virtual_network.chat_vnet"
          ]
        }
      ]
    },
    {
      "mode": "managed",
      "type": "azurerm_network_interface_security_group_association",
      "name": "nsg_association",
      "provider": "provider[\"registry.terraform.io/hashicorp/azurerm\"]",
      "instances": [
        {
          "schema_version": 0,
          "attributes": {
            "id": "/subscriptions/cbc417fc-e212-427f-b724-5cadb92ffe07/resourceGroups/chat-app-rg/providers/Microsoft.Network/networkInterfaces/chat-app-nic|/subscriptions/cbc417fc-e212-427f-b724-5cadb92ffe07/resourceGroups/chat-app-rg/providers/Microsoft.Network/networkSecurityGroups/chat-app-nsg",
            "network_interface_id": "/subscriptions/cbc417fc-e212-427f-b724-5cadb92ffe07/resourceGroups/chat-app-rg/providers/Microsoft.Network/networkInterfaces/chat-app-nic",
            "network_security_group_id": "/subscriptions/cbc417fc-e212-427f-b724-5cadb92ffe07/resourceGroups/chat-app-rg/providers/Microsoft.Network/networkSecurityGroups/chat-app-nsg",
            "timeouts": null
          },
          "sensitive_attributes": [],
          "private": "eyJlMmJmYjczMC1lY2FhLTExZTYtOGY4OC0zNDM2M2JjN2M0YzAiOnsiY3JlYXRlIjoxODAwMDAwMDAwMDAwLCJkZWxldGUiOjE4MDAwMDAwMDAwMDAsInJlYWQiOjMwMDAwMDAwMDAwMH19",
          "dependencies": [
            "azurerm_network_interface.chat_app_nic",
            "azurerm_network_security_group.chat_app_nsg",
            "azurerm_public_ip.chat_app_public_ip",
            "azurerm_resource_group.chat_app_rg",
            "azurerm_subnet.chat_subnet",
            "azurerm_virtual_network.chat_vnet"
          ]
        }
      ]
    },
    {
      "mode": "managed",
      "type": "azurerm_network_security_group",
      "name": "chat_app_nsg",
      "provider": "provider[\"registry.terraform.io/hashicorp/azurerm\"]",
      "instances": [
        {
          "schema_version": 0,
          "attributes": {
            "id": "/subscriptions/cbc417fc-e212-427f-b724-5cadb92ffe07/resourceGroups/chat-app-rg/providers/Microsoft.Network/networkSecurityGroups/chat-app-nsg",
            "location": "westeurope",
            "name": "chat-app-nsg",
            "resource_group_name": "chat-app-rg",
            "security_rule": [
              {
                "access": "Allow",
                "description": "",
                "destination_address_prefix": "*",
                "destination_address_prefixes": [],
                "destination_application_security_group_ids": [],
                "destination_port_range": "22",
                "destination_port_ranges": [],
                "direction": "Inbound",
                "name": "AllowSSH",
                "priority": 102,
                "protocol": "Tcp",
                "source_address_prefix": "*",
                "source_address_prefixes": [],
                "source_application_security_group_ids": [],
                "source_port_range": "*",
                "source_port_ranges": []
              },
              {
                "access": "Allow",
                "description": "",
                "destination_address_prefix": "*",
                "destination_address_prefixes": [],
                "destination_application_security_group_ids": [],
                "destination_port_range": "5000",
                "destination_port_ranges": [],
                "direction": "Inbound",
                "name": "AllowFlaskPort",
                "priority": 101,
                "protocol": "Tcp",
                "source_address_prefix": "*",
                "source_address_prefixes": [],
                "source_application_security_group_ids": [],
                "source_port_range": "*",
                "source_port_ranges": []
              },
              {
                "access": "Allow",
                "description": "",
                "destination_address_prefix": "*",
                "destination_address_prefixes": [],
                "destination_application_security_group_ids": [],
                "destination_port_range": "80",
                "destination_port_ranges": [],
                "direction": "Inbound",
                "name": "AllowHTTP",
                "priority": 100,
                "protocol": "Tcp",
                "source_address_prefix": "*",
                "source_address_prefixes": [],
                "source_application_security_group_ids": [],
                "source_port_range": "*",
                "source_port_ranges": []
              }
            ],
            "tags": null,
            "timeouts": null
          },
          "sensitive_attributes": [],
          "private": "eyJlMmJmYjczMC1lY2FhLTExZTYtOGY4OC0zNDM2M2JjN2M0YzAiOnsiY3JlYXRlIjoxODAwMDAwMDAwMDAwLCJkZWxldGUiOjE4MDAwMDAwMDAwMDAsInJlYWQiOjMwMDAwMDAwMDAwMCwidXBkYXRlIjoxODAwMDAwMDAwMDAwfX0=",
          "dependencies": [
            "azurerm_resource_group.chat_app_rg"
          ]
        }
      ]
    },
    {
      "mode": "managed",
      "type": "azurerm_public_ip",
      "name": "chat_app_public_ip",
      "provider": "provider[\"registry.terraform.io/hashicorp/azurerm\"]",
      "instances": [
        {
          "schema_version": 0,
          "attributes": {
            "allocation_method": "Static",
            "ddos_protection_mode": "VirtualNetworkInherited",
            "ddos_protection_plan_id": null,
            "domain_name_label": null,
            "domain_name_label_scope": null,
            "edge_zone": "",
            "fqdn": null,
            "id": "/subscriptions/cbc417fc-e212-427f-b724-5cadb92ffe07/resourceGroups/chat-app-rg/providers/Microsoft.Network/publicIPAddresses/chat-app-public-ip",
            "idle_timeout_in_minutes": 4,
            "ip_address": "20.16.23.5",
            "ip_tags": null,
            "ip_version": "IPv4",
            "location": "westeurope",
            "name": "chat-app-public-ip",
            "public_ip_prefix_id": null,
            "resource_group_name": "chat-app-rg",
            "reverse_fqdn": null,
            "sku": "Standard",
            "sku_tier": "Regional",
            "tags": null,
            "timeouts": null,
            "zones": null
          },
          "sensitive_attributes": [],
          "private": "eyJlMmJmYjczMC1lY2FhLTExZTYtOGY4OC0zNDM2M2JjN2M0YzAiOnsiY3JlYXRlIjoxODAwMDAwMDAwMDAwLCJkZWxldGUiOjE4MDAwMDAwMDAwMDAsInJlYWQiOjMwMDAwMDAwMDAwMCwidXBkYXRlIjoxODAwMDAwMDAwMDAwfX0=",
          "dependencies": [
            "azurerm_resource_group.chat_app_rg"
          ]
        }
      ]
    },
    {
      "mode": "managed",
      "type": "azurerm_resource_group",
      "name": "chat_app_rg",
      "provider": "provider[\"registry.terraform.io/hashicorp/azurerm\"]",
      "instances": [
        {
          "schema_version": 0,
          "attributes": {
            "id": "/subscriptions/cbc417fc-e212-427f-b724-5cadb92ffe07/resourceGroups/chat-app-rg",
            "location": "westeurope",
            "managed_by": "",
            "name": "chat-app-rg",
            "tags": null,
            "timeouts": null
          },
          "sensitive_attributes": [],
          "private": "eyJlMmJmYjczMC1lY2FhLTExZTYtOGY4OC0zNDM2M2JjN2M0YzAiOnsiY3JlYXRlIjo1NDAwMDAwMDAwMDAwLCJkZWxldGUiOjU0MDAwMDAwMDAwMDAsInJlYWQiOjMwMDAwMDAwMDAwMCwidXBkYXRlIjo1NDAwMDAwMDAwMDAwfX0="
        }
      ]
    },
    {
      "mode": "managed",
      "type": "azurerm_subnet",
      "name": "chat_subnet",
      "provider": "provider[\"registry.terraform.io/hashicorp/azurerm\"]",
      "instances": [
        {
          "schema_version": 0,
          "attributes": {
            "address_prefixes": [
              "10.0.1.0/24"
            ],
            "default_outbound_access_enabled": true,
            "delegation": [],
            "id": "/subscriptions/cbc417fc-e212-427f-b724-5cadb92ffe07/resourceGroups/chat-app-rg/providers/Microsoft.Network/virtualNetworks/chat-vnet/subnets/chat-subnet",
            "name": "chat-subnet",
            "private_endpoint_network_policies": "Disabled",
            "private_link_service_network_policies_enabled": true,
            "resource_group_name": "chat-app-rg",
            "service_endpoint_policy_ids": null,
            "service_endpoints": null,
            "timeouts": null,
            "virtual_network_name": "chat-vnet"
          },
          "sensitive_attributes": [],
          "private": "eyJlMmJmYjczMC1lY2FhLTExZTYtOGY4OC0zNDM2M2JjN2M0YzAiOnsiY3JlYXRlIjoxODAwMDAwMDAwMDAwLCJkZWxldGUiOjE4MDAwMDAwMDAwMDAsInJlYWQiOjMwMDAwMDAwMDAwMCwidXBkYXRlIjoxODAwMDAwMDAwMDAwfX0=",
          "dependencies": [
            "azurerm_resource_group.chat_app_rg",
            "azurerm_virtual_network.chat_vnet"
          ]
        }
      ]
    },
    {
      "mode": "managed",
      "type": "azurerm_virtual_network",
      "name": "chat_vnet",
      "provider": "provider[\"registry.terraform.io/hashicorp/azurerm\"]",
      "instances": [
        {
          "schema_version": 0,
          "attributes": {
            "address_space": [
              "10.0.0.0/16"
            ],
            "bgp_community": "",
            "ddos_protection_plan": [],
            "dns_servers": [],
            "edge_zone": "",
            "encryption": [],
            "flow_timeout_in_minutes": 0,
            "guid": "4606ce52-2d9f-4497-8a0e-03c3bafce122",
            "id": "/subscriptions/cbc417fc-e212-427f-b724-5cadb92ffe07/resourceGroups/chat-app-rg/providers/Microsoft.Network/virtualNetworks/chat-vnet",
            "location": "westeurope",
            "name": "chat-vnet",
            "resource_group_name": "chat-app-rg",
            "subnet": [],
            "tags": null,
            "timeouts": null
          },
          "sensitive_attributes": [],
          "private": "eyJlMmJmYjczMC1lY2FhLTExZTYtOGY4OC0zNDM2M2JjN2M0YzAiOnsiY3JlYXRlIjoxODAwMDAwMDAwMDAwLCJkZWxldGUiOjE4MDAwMDAwMDAwMDAsInJlYWQiOjMwMDAwMDAwMDAwMCwidXBkYXRlIjoxODAwMDAwMDAwMDAwfX0=",
          "dependencies": [
            "azurerm_resource_group.chat_app_rg"
          ]
        }
      ]
    }
  ],
  "check_results": null
}
